# This file may be used to create an environment using:
# $ conda create --name <env> --file <this file>
# platform: linux-64
# created-by: conda 26.5.3
@EXPLICIT
https://conda.anaconda.org/conda-forge/noarch/ca-certificates-2026.7.22-hbd8a1cb_0.conda#0f51e2391ade309db462a55611263e9c
https://conda.anaconda.org/conda-forge/noarch/cuda-version-12.9-h4f385c5_3.conda#b6d5d7f1c171cbd228ea06b556cfa859
https://conda.anaconda.org/conda-forge/noarch/font-ttf-dejavu-sans-mono-2.37-hab24e00_0.tar.bz2#0c96522c6bdaed4b1566d11387caaf45
https://conda.anaconda.org/conda-forge/noarch/font-ttf-inconsolata-3.000-h77eed37_0.tar.bz2#34893075a5c9e55cdafac56607368fc6
https://conda.anaconda.org/conda-forge/noarch/font-ttf-source-code-pro-2.038-h77eed37_0.tar.bz2#4d59c254e01d9cde7957100457e2d5fb
https://conda.anaconda.org/conda-forge/noarch/font-ttf-ubuntu-0.83-h77eed37_3.conda#49023d73832ef61042f6a237cb2687e7
https://conda.anaconda.org/conda-forge/linux-64/hicolor-icon-theme-0.17-ha770c72_3.conda#129e404c5b001f3ef5581316971e3ea0
https://conda.anaconda.org/conda-forge/linux-64/libglvnd-1.7.0-ha4b6fd6_5.conda#cfcf11edcfd4acf0094771a9c3b8587f
https://conda.anaconda.org/conda-forge/linux-64/libgomp-16.2.0-he0feb66_4.conda#89d2c1231f47bd818f5d624b9411459d
https://conda.anaconda.org/conda-forge/linux-64/libzlib-1.3.2-h25fd6f3_3.conda#0de0122d9570a8ab637c6b73db268389
https://conda.anaconda.org/conda-forge/noarch/python_abi-3.12-9_cp312.conda#4c32076993e6270825441d059ab5c18b
https://conda.anaconda.org/conda-forge/noarch/tzdata-2026c-h151e31d_0.conda#fcb489df604d100968b737f2cb6076c6
https://conda.anaconda.org/conda-forge/noarch/wayland-protocols-1.49-hd8ed1ab_0.conda#0839a3421140d4a9ba93fb988698fc00
https://conda.anaconda.org/conda-forge/linux-64/_openmp_mutex-4.5-20_gnu.conda#a9f577daf3de00bca7c3c76c0ecbd1de
https://conda.anaconda.org/conda-forge/noarch/cuda-cudart_linux-64-12.9.79-h3f2d84a_0.conda#64508631775fbbf9eca83c84b1df0cae
https://conda.anaconda.org/conda-forge/noarch/fonts-conda-forge-1-hc364b38_1.conda#a7970cd949a077b7cb9696379d338681
https://conda.anaconda.org/conda-forge/linux-64/libegl-1.7.0-ha4b6fd6_5.conda#3a1b41c4591a0a1734382af3e2b8bc08
https://conda.anaconda.org/conda-forge/linux-64/zlib-1.3.2-h25fd6f3_3.conda#6acb86426229f96f93e5468d1df3a5e8
https://conda.anaconda.org/conda-forge/linux-64/zstd-1.5.7-hb78ec9c_7.conda#aa459086047c0e5e27023ab19f8cb86a
https://conda.anaconda.org/conda-forge/noarch/fonts-conda-ecosystem-1-0.tar.bz2#fee5683a3f04bd15cbd8318b096a27ab
https://conda.anaconda.org/conda-forge/linux-64/ld_impl_linux-64-2.46.1-default_hbd61a6d_102.conda#449500f2c089da11c40f5c21312e3e07
https://conda.anaconda.org/conda-forge/linux-64/libgcc-16.2.0-ha9f2e26_4.conda#cba14d01083fc62ffd32c24d7d390633
https://conda.anaconda.org/conda-forge/linux-64/alsa-lib-1.2.16.1-h7cc23a3_1.conda#7094e0d8d14de0eff6d83f0d2f1f661e
https://conda.anaconda.org/conda-forge/linux-64/bzip2-1.0.8-hda65f42_10.conda#e675fabcf81499adc7edf58124fb1e01
https://conda.anaconda.org/conda-forge/linux-64/fribidi-1.0.16-h7cc23a3_2.conda#16d6e5a0f8dbc17bd6669dba6f49bad3
https://conda.anaconda.org/conda-forge/linux-64/keyutils-1.6.3-h7cc23a3_1.conda#ba55d1b89fd7775e67de8291029b4059
https://conda.anaconda.org/conda-forge/linux-64/libbrotlicommon-1.2.0-h39a168f_3.conda#7a2499a177753582fb7ae7e9dc4a908a
https://conda.anaconda.org/conda-forge/linux-64/libcap-2.78-h084b8d7_1.conda#5db514adf5f843126ff846d1510f22a4
https://conda.anaconda.org/conda-forge/linux-64/libdeflate-1.25-hd45a770_1.conda#40f9b31aa9cf007789867df0decd0492
https://conda.anaconda.org/conda-forge/linux-64/libdovi-3.4.0-ha23c83e_0.conda#4377d220f09344452b227d699cacce4f
https://conda.anaconda.org/conda-forge/linux-64/libexpat-2.8.1-hecca717_1.conda#b24d3c612f71e7aa74158d92106318b2
https://conda.anaconda.org/conda-forge/linux-64/libffi-3.7.0-h81df57d_1.conda#6525a0b06aa4fd390795f0740636a9dd
https://conda.anaconda.org/conda-forge/linux-64/libgcc-ng-16.2.0-h69a702a_4.conda#b3e52878163a841f6fb951989cc0b217
https://conda.anaconda.org/conda-forge/linux-64/libgfortran5-16.2.0-h6b99dfc_4.conda#c22348a769bb072b6184eb6f7f05e4f2
https://conda.anaconda.org/conda-forge/linux-64/libiconv-1.18-h0cb94f2_3.conda#f92233bf33e24a25668bb2119e2c51f9
https://conda.anaconda.org/conda-forge/linux-64/libjpeg-turbo-3.2.0-hb03c661_1.conda#898d1c9793eaa52efc4727bd84d2e39a
https://conda.anaconda.org/conda-forge/linux-64/liblzma-5.8.3-hb03c661_1.conda#1390b7c5ac0b1d8e447bc5efa6d3c8c2
https://conda.anaconda.org/conda-forge/linux-64/libnsl-2.0.1-hb9d3cd8_1.conda#d864d34357c3b65a4b731f78c0801dc4
https://conda.anaconda.org/conda-forge/linux-64/libntlm-1.8-hb9d3cd8_0.conda#7c7927b404672409d9917d49bff5f2d6
https://conda.anaconda.org/conda-forge/linux-64/libogg-1.3.5-hd0c01bc_1.conda#68e52064ed3897463c0e958ab5c8f91b
https://conda.anaconda.org/conda-forge/linux-64/libopus-1.6.1-hebe6cf0_1.conda#8a1d977c3d77666406a40c0ab648ff52
https://conda.anaconda.org/conda-forge/linux-64/libpciaccess-0.19-hb03c661_1.conda#35fa2b34bbced424e6976d30f5fde576
https://conda.anaconda.org/conda-forge/linux-64/libpng-1.6.58-h922cc85_1.conda#fcf71c8d979148873f6f8ad4cfc73d86
https://conda.anaconda.org/conda-forge/linux-64/libstdcxx-16.2.0-h934c35e_4.conda#2f2ef0d96de5bdd8c1270ff22fdf9352
https://conda.anaconda.org/conda-forge/linux-64/libuuid-2.42.3-hcfc3c73_0.conda#74a0a409d9f4561265d36b789d3f398a
https://conda.anaconda.org/conda-forge/linux-64/libwebp-base-1.6.0-hd42ef1d_1.conda#9332b53d0ea93c5d39e33be03a0c611a
https://conda.anaconda.org/conda-forge/linux-64/libxcrypt-4.4.38-h280c20c_0.conda#f7a7ff5a6ab331e037abd34f379a631d
https://conda.anaconda.org/conda-forge/linux-64/ncurses-6.6-hdb14827_1.conda#ee6c0cd80a60961a1f48aa3e0b91f986
https://conda.anaconda.org/conda-forge/linux-64/openssl-3.6.4-h781a0a9_0.conda#16e3034a330cc625f2c685edec60cf4e
https://conda.anaconda.org/conda-forge/linux-64/pthread-stubs-0.4-h7cc23a3_1004.conda#bb66b610707b811e3c65181a6431e7a8
https://conda.anaconda.org/conda-forge/linux-64/tk-8.6.13-noxft_h1df4ec4_4.conda#676a2f9b1c4fcf57b70aa5c65f6c60d0
https://conda.anaconda.org/conda-forge/linux-64/tzcode-2026c-h280c20c_0.conda#7578313c8e924cbe7a865c31d1102b8c
https://conda.anaconda.org/conda-forge/linux-64/xorg-libice-1.1.2-h280c20c_0.conda#85c9442aec283b4e464fa9ecc484a2f3
https://conda.anaconda.org/conda-forge/linux-64/xorg-libxau-1.0.12-hb03c661_2.conda#f06ef439c280a5f90b8bf62355008dbc
https://conda.anaconda.org/conda-forge/linux-64/xorg-libxdmcp-1.1.5-hb03c661_2.conda#2e66c929f3d879708335b6ea4557c838
https://conda.anaconda.org/conda-forge/linux-64/xorg-xorgproto-2025.1-h280c20c_1.conda#3b51576511038b50fdbd05245e22e4b1
https://conda.anaconda.org/conda-forge/linux-64/yaml-0.2.5-hebe6cf0_3.conda#e741576fb8f89821ac7c1c537322a33d
https://conda.anaconda.org/conda-forge/linux-64/aom-3.14.1-pl5321h57e6904_2.conda#5fabcad67aa128f07f269066ee7fdde6
https://conda.anaconda.org/conda-forge/linux-64/cuda-cudart-12.9.79-h5888daf_0.conda#cb15315d19b58bd9cd424084e58ad081
https://conda.anaconda.org/conda-forge/linux-64/cuda-nvrtc-12.9.86-hecca717_1.conda#53f0062e2243b26e43ddac0b5267c6a3
https://conda.anaconda.org/conda-forge/linux-64/cuda-nvtx-12.9.79-hecca717_1.conda#b4a3411fa031c409f98cfbd4b2db9ad7
https://conda.anaconda.org/conda-forge/linux-64/dav1d-1.2.1-hd590300_0.conda#418c6ca5929a611cbd69204907a83995
https://conda.anaconda.org/conda-forge/linux-64/gmp-6.3.0-hfd2156b_3.conda#576e32739f323438bf69ab006c21be7b
https://conda.anaconda.org/conda-forge/linux-64/graphite2-1.3.15-h54a6638_1.conda#f9fe2984587fa8235a6af6004760cd18
https://conda.anaconda.org/conda-forge/linux-64/icu-78.3-py310h44b86e0_2.conda#72a381cbad04f24b1c2a43ef707f45b4
https://conda.anaconda.org/conda-forge/linux-64/intel-gmmlib-22.10.0-hb700be7_0.conda#10909406c1b0e4b57f9f4f0eb0999af8
https://conda.anaconda.org/conda-forge/linux-64/lame-3.100-h166bdaf_1003.tar.bz2#a8832b479f93521a9e7b5b743803be51
https://conda.anaconda.org/conda-forge/linux-64/lerc-4.2.0-hdb68285_0.conda#fb9d356b1a57d6d54768be7ebd5fce09
https://conda.anaconda.org/conda-forge/linux-64/level-zero-1.33.1-h7148c6a_0.conda#88ec7b59e2bff6caf5b517f73e7ce853
https://conda.anaconda.org/conda-forge/linux-64/libabseil-20260526.0-cxx17_h0dc7533_2.conda#6983bfe8e09992014b9cf393769c7a84
https://conda.anaconda.org/conda-forge/linux-64/libbrotlidec-1.2.0-ha411449_3.conda#6ab3315dc56618d652c1da42a648a129
https://conda.anaconda.org/conda-forge/linux-64/libbrotlienc-1.2.0-h018ffa1_3.conda#2ac965638d4c6b2b38383bb1aebaf543
https://conda.anaconda.org/conda-forge/linux-64/libcufft-11.4.1.4-hecca717_1.conda#75ae571353ec92c8f34d4cf6ec6ba264
https://conda.anaconda.org/conda-forge/linux-64/libcurand-10.3.10.19-h676940d_1.conda#2a91559a9345bedf09af8b7903deb6e6
https://conda.anaconda.org/conda-forge/linux-64/libdrm-2.4.129-h7cc23a3_0.conda#64cc91512b6278c315349dc13c53f680
https://conda.anaconda.org/conda-forge/linux-64/libedit-3.1.20250104-pl5321h373387f_1.conda#50708d3b951d0f8e2d7f2df5b5edc040
https://conda.anaconda.org/conda-forge/linux-64/libflac-1.5.0-he200343_1.conda#47595b9d53054907a00d95e4d47af1d6
https://conda.anaconda.org/conda-forge/linux-64/libfreetype6-2.14.3-h5e6c136_2.conda#b72a266a9317036fd0464cb98b027cd0
https://conda.anaconda.org/conda-forge/linux-64/libgfortran-16.2.0-h69a702a_4.conda#5e92b8413fd1c8f8f3006f4661b12def
https://conda.anaconda.org/conda-forge/linux-64/libhwy-1.4.0-h57c4cff_1.conda#d58bfbaaf51ed85771eae92c2e7f5816
https://conda.anaconda.org/conda-forge/linux-64/liblzma-devel-5.8.3-hb03c661_1.conda#6d83d6a332c19424e9e66b69b180ec11
https://conda.anaconda.org/conda-forge/linux-64/libnvjitlink-12.9.86-hecca717_2.conda#3461b0f2d5cbb7973d361f9e85241d98
https://conda.anaconda.org/conda-forge/linux-64/libpython-3.12.14-h0c77377_3_cpython.conda#d247b7632f09324c11f24b5270361385
https://conda.anaconda.org/conda-forge/linux-64/libstdcxx-ng-16.2.0-hdf11a46_4.conda#de0dceacf3e33c5fc88e167885dc8274
https://conda.anaconda.org/conda-forge/linux-64/libsystemd0-261.2-h6f4a2f1_0.conda#592a8bd3952e6da248e3a40fdd612ed1
https://conda.anaconda.org/conda-forge/linux-64/libudev1-261.2-h6f4a2f1_0.conda#6f0fe22fab3d7e1fa244c6b59c710530
https://conda.anaconda.org/conda-forge/linux-64/libunwind-1.8.3-h65a8314_0.conda#e179a69edd30d75c0144d7a380b88f28
https://conda.anaconda.org/conda-forge/linux-64/liburing-2.14-hb700be7_0.conda#56f65185b520e016d29d01657ac02c0d
https://conda.anaconda.org/conda-forge/linux-64/libvorbis-1.3.7-h54a6638_2.conda#b4ecbefe517ed0157c37f8182768271c
https://conda.anaconda.org/conda-forge/linux-64/libvpx-1.15.2-hd2095e1_1.conda#dc42f5b888d93c7bbc6d0896be967e06
https://conda.anaconda.org/conda-forge/linux-64/libxcb-1.17.0-hb83e432_2.conda#61f0ffba9161cbb3a77722869b21e4bb
https://conda.anaconda.org/conda-forge/linux-64/lz4-c-1.10.0-hee9eb32_2.conda#e38a3253d72ab07d471483f24947e2a2
https://conda.anaconda.org/conda-forge/linux-64/mpg123-1.32.9-h8142553_0.conda#0dae03fd088c1ca13a8f6c9e5508e36c
https://conda.anaconda.org/conda-forge/linux-64/opencl-headers-2025.06.13-hecca717_0.conda#c930c8052d780caa41216af7de472226
https://conda.anaconda.org/conda-forge/linux-64/openfst-1.8.4-h84d6215_1.conda#c467fe28b17d32304a4875e409cd4043
https://conda.anaconda.org/conda-forge/linux-64/openh264-2.6.0-h8c49934_2.conda#2f0b27ebfcbc15298dd99205e91288ba
https://conda.anaconda.org/conda-forge/linux-64/pcre2-10.47-h8b3dc9c_1.conda#06f6113cf1ff4a54b65f87ead132a5f1
https://conda.anaconda.org/conda-forge/linux-64/pixman-0.46.4-h54a6638_3.conda#0ee5bb30034b081a1386c1e2c98ab0a7
https://conda.anaconda.org/conda-forge/linux-64/pugixml-1.15-h3f63f65_0.conda#b11a4c6bf6f6f44e5e143f759ffa2087
https://conda.anaconda.org/conda-forge/linux-64/readline-8.3-hd6e31c0_1.conda#69c01c781e7c8190bbdaf79e3848c5ca
https://conda.anaconda.org/conda-forge/linux-64/snappy-1.2.2-h03e3b7b_1.conda#98b6c9dc80eb87b2519b97bcf7e578dd
https://conda.anaconda.org/conda-forge/linux-64/soxr-0.1.3-h0b41bf4_3.conda#e8d261785be19b1575d23ccbbeae4ddd
https://conda.anaconda.org/conda-forge/linux-64/spirv-tools-2026.3-h7148c6a_1.conda#ac9adda1573683c31a8c58850e911273
https://conda.anaconda.org/conda-forge/linux-64/svt-av1-4.2.0-hd2095e1_1.conda#3bd5f5f3f6f6431b9f19b35ad4a8ed21
https://conda.anaconda.org/conda-forge/linux-64/wayland-1.26.0-hc1c935e_2.conda#88a47e22b53e50865b1cabe2eb648352
https://conda.anaconda.org/conda-forge/linux-64/x264-1!164.3095-h166bdaf_2.tar.bz2#6c99772d483f566d59e25037fea2c4b1
https://conda.anaconda.org/conda-forge/linux-64/xorg-libsm-1.2.6-h0d788c3_1.conda#aa7459ed9ad086ba11dda843d764b33d
https://conda.anaconda.org/conda-forge/linux-64/zlib-ng-2.3.3-hce19668_1.conda#1726acec19beeed1c764385cd8622405
https://conda.anaconda.org/conda-forge/linux-64/baumwelch-0.3.11-hb700be7_1.conda#941a5b40cb568657e4c6e22ce207ac3c
https://conda.anaconda.org/conda-forge/linux-64/brotli-bin-1.2.0-h9908984_3.conda#8929291d9efc59715df1cfa7daf5e3ed
https://conda.anaconda.org/conda-forge/linux-64/glslang-16.5.0-h980caa0_2.conda#f8cf8d6c2f5a98e7263d461c8514cb8a
https://conda.anaconda.org/conda-forge/linux-64/krb5-1.22.2-hbc21106_2.conda#53318d715316929a574f83591308b1f8
https://conda.anaconda.org/conda-forge/linux-64/libcublas-12.9.2.10-h676940d_0.conda#55dfb580a84aea59185586a306bf9605
https://conda.anaconda.org/conda-forge/linux-64/libcusparse-12.5.10.65-hecca717_2.conda#890ebfaad48c887d3d82847ec9d6bc79
https://conda.anaconda.org/conda-forge/linux-64/libfreetype-2.14.3-ha770c72_2.conda#f8054e759d0ddddaf34a5c8fedc900a1
https://conda.anaconda.org/conda-forge/linux-64/libglib-2.88.3-he503a2a_2.conda#533d342dedadf134c67760ce6fc5b748
https://conda.anaconda.org/conda-forge/linux-64/libjxl-0.12.0-heb2dce7_2.conda#485788d339785bac87fe86315b4a0627
https://conda.anaconda.org/conda-forge/linux-64/libopenblas-0.3.34-pthreads_hcf972fe_1.conda#25994250f54292352a82eb05ab4499ba
https://conda.anaconda.org/conda-forge/linux-64/libprotobuf-7.35.1-h622638d_3.conda#fd307b61cceb36fdca38e1718bdb2893
https://conda.anaconda.org/conda-forge/linux-64/libsndfile-1.2.2-hc7d488a_2.conda#067590f061c9f6ea7e61e3b2112ed6b3
https://conda.anaconda.org/conda-forge/linux-64/libsqlite-3.53.4-h13e7031_1.conda#e72bbec309c2b0f37823ee7d4fabfcd3
https://conda.anaconda.org/conda-forge/linux-64/libtiff-4.7.2-hcc2c06a_1.conda#0907d876f460ebc941ae590338b6102f
https://conda.anaconda.org/conda-forge/linux-64/libusb-1.0.29-h73b1eb8_0.conda#d17e3fb595a9f24fa9e149239a33475d
https://conda.anaconda.org/conda-forge/linux-64/libxml2-16-2.15.3-hca6bf5a_1.conda#20e4d67ec908f0405124f11612c48305
https://conda.anaconda.org/conda-forge/linux-64/mad-0.15.1b-h9c3ff4c_1.tar.bz2#b263b8f33e08b7f866b5bb0b877ba559
https://conda.anaconda.org/conda-forge/linux-64/ngram-1.3.17-hb700be7_0.conda#df4c8fa3046d175df863d6486a0388e3
https://conda.anaconda.org/conda-forge/linux-64/ocl-icd-2.3.4-hb03c661_1.conda#c2871ba95727fd1382c05db66048b64c
https://conda.anaconda.org/conda-forge/linux-64/qhull-2020.2-h434a139_5.conda#353823361b1d27eb3960efb076dfcaf6
https://conda.anaconda.org/conda-forge/linux-64/x265-3.5-h924138e_3.tar.bz2#e7f6ed84d4623d52ee581325c1587a6b
https://conda.anaconda.org/conda-forge/linux-64/xorg-libx11-1.8.13-he1eb515_1.conda#8c282bbe4808a3cc80a5c98e9aec1cfc
https://conda.anaconda.org/conda-forge/linux-64/atk-1.0-2.38.0-h04ea711_2.conda#f730d54ba9cd543666d7220c9f7ed563
https://conda.anaconda.org/conda-forge/linux-64/brotli-1.2.0-h505cf86_3.conda#6ff307b78fbfb7dcafb7e25ff8bc9c10
https://conda.anaconda.org/conda-forge/linux-64/cyrus-sasl-2.1.28-hac629b4_1.conda#af491aae930edc096b58466c51c4126c
https://conda.anaconda.org/conda-forge/linux-64/dbus-1.16.2-he8c428d_2.conda#a6eb37b51be1a9a654dc3a8aca039b1a
https://conda.anaconda.org/conda-forge/linux-64/fontconfig-2.18.3-h4db4eae_1.conda#922776b528a470ab5afa81fd42abfa1d
https://conda.anaconda.org/conda-forge/linux-64/freetype-2.14.3-ha770c72_2.conda#2d0ea23b23603e07ca47f23f949f67b6
https://conda.anaconda.org/conda-forge/linux-64/gdk-pixbuf-2.44.8-h68053f1_1.conda#11adf7fc09b1146a6d91deb65d374456
https://conda.anaconda.org/conda-forge/linux-64/glib-tools-2.88.3-h67ed8a3_2.conda#5c35ace78b7d630e77efcb37dacb62ae
https://conda.anaconda.org/conda-forge/linux-64/gts-0.7.6-h977cf35_4.conda#4d8df0b0db060d33c9a702ada998a8fe
https://conda.anaconda.org/conda-forge/linux-64/lcms2-2.19.1-h9073bf1_2.conda#b68c7304d2edb0f1a5bdfb875094d603
https://conda.anaconda.org/conda-forge/linux-64/libblas-3.11.0-10_h4a7cf45_openblas.conda#e2ca3eadd889d39b4e4b6b1ecc671816
https://conda.anaconda.org/conda-forge/linux-64/libcups-2.3.3-h7a8fb5f_6.conda#49c553b47ff679a6a1e9fc80b9c5a2d4
https://conda.anaconda.org/conda-forge/linux-64/libcusolver-11.7.5.82-h676940d_2.conda#bb6e31a0daa64ede76fe8d3fff01c06f
https://conda.anaconda.org/conda-forge/linux-64/libglx-1.7.0-ha4b6fd6_5.conda#614e10aae180f87b84f0d1ca8ceb7d9e
https://conda.anaconda.org/conda-forge/linux-64/libxml2-2.15.3-h49c6c72_1.conda#2d34cdb31014cbc8f1e9384c89ede0a5
https://conda.anaconda.org/conda-forge/linux-64/openjpeg-2.5.4-h55e1f5c_1.conda#b76e9e2ba1b86d68e2e5285fa959959c
https://conda.anaconda.org/conda-forge/linux-64/python-3.12.14-h5f976f7_3_cpython.conda#98be3cf76eca2e8871f907a03aed3b84
https://conda.anaconda.org/conda-forge/linux-64/shaderc-2026.3-hcebf71c_1.conda#8f3979185375f21da886fb6cc2630005
https://conda.anaconda.org/conda-forge/linux-64/sox-14.4.2-h8c9d6be_1021.conda#261938a6040751204eedd527784d634e
https://conda.anaconda.org/conda-forge/linux-64/sqlite-3.53.4-h9ffa6c4_1.conda#d42b24574925bfa3167efb3571c905ad
https://conda.anaconda.org/conda-forge/linux-64/xkeyboard-config-2.48-h280c20c_0.conda#b233b41be0bf210989d57160ed39b394
https://conda.anaconda.org/conda-forge/linux-64/xorg-libxext-1.3.7-h7cc23a3_1.conda#e5b6b28536b81b3f4cb20db4668a4642
https://conda.anaconda.org/conda-forge/linux-64/xorg-libxfixes-6.0.2-h7cc23a3_1.conda#09132e874fe0e1f5e4492b0b6b904b6e
https://conda.anaconda.org/conda-forge/linux-64/xorg-libxrender-0.9.12-hb03c661_1.conda#e470d224a7a5be1b1d021bded7abb536
https://conda.anaconda.org/conda-forge/linux-64/backports.zstd-1.7.0-py312h3f22e6b_0.conda#e7eb25765bdf21397cc6e30828871625
https://conda.anaconda.org/conda-forge/linux-64/brotli-python-1.2.0-py312he9c40d5_3.conda#d176f3ed2824f930b524c45eb8f158bb
https://conda.anaconda.org/conda-forge/linux-64/cairo-1.18.4-h3c89d7e_3.conda#7b870cffbaa8430290e567a0facd8dca
https://conda.anaconda.org/conda-forge/noarch/certifi-2026.7.22-pyhd8ed1ab_0.conda#37e13edbe3b48f1095a9d085ef9cd83b
https://conda.anaconda.org/conda-forge/noarch/charset-normalizer-3.5.1-pyhd8ed1ab_0.conda#e0ac3accc64e23e40969d660e5f58ac8
https://conda.anaconda.org/conda-forge/noarch/click-8.4.2-pyhc90fa1f_0.conda#2c4bd6aeb90bb157456841c3270a0d92
https://conda.anaconda.org/conda-forge/noarch/cloudpickle-3.1.2-pyhcf101f3_1.conda#61b8078a0905b12529abc622406cb62c
https://conda.anaconda.org/conda-forge/noarch/cpython-3.12.14-py312hd8ed1ab_3.conda#adee9213d9a98d7f8b5627209c8b4ae0
https://conda.anaconda.org/conda-forge/noarch/cycler-0.12.1-pyhcf101f3_2.conda#4c2a8fef270f6c69591889b93f9f55c1
https://conda.anaconda.org/conda-forge/noarch/decorator-5.3.1-pyhd8ed1ab_0.conda#61dcf784d59ef0bd62c57d982b154ace
https://conda.anaconda.org/conda-forge/noarch/filelock-3.32.5-pyhd8ed1ab_0.conda#9b091d04be6b722d4ed7dfee34295dea
https://conda.anaconda.org/conda-forge/noarch/fsspec-2026.7.0-pyhd8ed1ab_0.conda#b9176565976c773a0739bd83deaf06cc
https://conda.anaconda.org/conda-forge/linux-64/greenlet-3.5.5-py312h8285ef7_0.conda#ddf5a875fe09a244a1f64329272bdc32
https://conda.anaconda.org/conda-forge/noarch/hpack-4.2.0-pyhd8ed1ab_0.conda#b395909221b9bd1df066e5930e18855b
https://conda.anaconda.org/conda-forge/noarch/hyperframe-6.1.0-pyhd8ed1ab_0.conda#8e6923fc12f1fe8f8c4e5c9f343256ac
https://conda.anaconda.org/conda-forge/noarch/idna-3.19-pyhcf101f3_0.conda#a39ae05027e9b707742e41b30d296b75
https://conda.anaconda.org/conda-forge/linux-64/kiwisolver-1.5.1-py312h9be0db6_0.conda#6ec45525bac89c279b6e5f4c47eec6bf
https://conda.anaconda.org/conda-forge/linux-64/libcblas-3.11.0-10_h0358290_openblas.conda#a275bd95aa4e22c24120bf6ece6eb056
https://conda.anaconda.org/conda-forge/linux-64/libgd-2.3.3-h5fbf134_12.conda#88c1c66987cd52a712eea89c27104be6
https://conda.anaconda.org/conda-forge/linux-64/libgl-1.7.0-ha4b6fd6_5.conda#81141db127a106eb5a91df69a29c9918
https://conda.anaconda.org/conda-forge/linux-64/libglx-devel-1.7.0-ha4b6fd6_5.conda#fb00b4fb800f2d431303a5c1625ef9d0
https://conda.anaconda.org/conda-forge/linux-64/libhwloc-2.13.0-default_he001693_1000.conda#c197985b58bc813d26b42881f0021c82
https://conda.anaconda.org/conda-forge/linux-64/liblapack-3.11.0-10_h47877c9_openblas.conda#7b918d4958f359c889c662aa361cf992
https://conda.anaconda.org/conda-forge/linux-64/libxkbcommon-1.13.2-h51789e4_1.conda#f888787e0eab7a8076a67d197e155ffc
https://conda.anaconda.org/conda-forge/linux-64/libxslt-1.1.45-h8e12856_0.conda#be101a81eab00f1abe854c11a68970de
https://conda.anaconda.org/conda-forge/linux-64/llvmlite-0.49.0-py312hb491018_2.conda#77579ddce0dd5f85915bc30259fda6e3
https://conda.anaconda.org/conda-forge/linux-64/markupsafe-3.0.3-py312h8a5da7c_1.conda#93a4752d42b12943a355b682ee43285b
https://conda.anaconda.org/conda-forge/noarch/mdurl-0.1.2-pyhd8ed1ab_1.conda#592132998493b3ff25fd7479396e8351
https://conda.anaconda.org/conda-forge/linux-64/msgpack-python-1.2.2-py312h9be0db6_1.conda#371a80205eebd8c13fcb0218c96a2d9c
https://conda.anaconda.org/conda-forge/noarch/munkres-1.1.4-pyhd8ed1ab_1.conda#37293a85a0f4f77bbd9cf7aaefc62609
https://conda.anaconda.org/conda-forge/noarch/narwhals-2.25.0-pyhcf101f3_0.conda#0117bf65e45c951a9b0004172cfaeef6
https://conda.anaconda.org/conda-forge/linux-64/openldap-2.6.13-hbde042b_0.conda#680608784722880fbfe1745067570b00
https://conda.anaconda.org/conda-forge/noarch/packaging-26.3-pyhc364b38_0.conda#936687ed80f295a1f5dbcf8bd34c252c
https://conda.anaconda.org/conda-forge/linux-64/pillow-12.3.0-py312h38079b3_1.conda#abe0e18aba5d053232155243914a168b
https://conda.anaconda.org/conda-forge/noarch/platformdirs-4.11.6-pyh5ded981_0.conda#fb0f75910f804de1d8c6e91f73673d11
https://conda.anaconda.org/conda-forge/linux-64/pulseaudio-client-17.0-h9a6aba3_3.conda#b8ea447fdf62e3597cb8d2fae4eb1a90
https://conda.anaconda.org/conda-forge/noarch/pycparser-3.0-pyhcf101f3_0.conda#9c5491066224083c41b6d5635ed7107b
https://conda.anaconda.org/conda-forge/noarch/pygments-2.21.0-pyhcf101f3_0.conda#2882dee445dfa45b0c5afce3ffb7730a
https://conda.anaconda.org/conda-forge/noarch/pyparsing-3.3.2-pyhcf101f3_0.conda#3687cc0b82a8b4c17e1f0eb7e47163d5
https://conda.anaconda.org/conda-forge/noarch/pysocks-1.7.1-pyha55dd90_7.conda#461219d1a5bd61342293efa2c0c90eac
https://conda.anaconda.org/conda-forge/linux-64/pyyaml-6.0.3-py312h8a5da7c_1.conda#15878599a87992e44c059731771591cb
https://conda.anaconda.org/conda-forge/noarch/setuptools-84.0.0-pyh332efcf_0.conda#62ac906f1cd582c6c264c95625cb9d6f
https://conda.anaconda.org/conda-forge/noarch/six-1.17.0-pyhe01879c_1.conda#3339e3b65d58accf4ca4fb8748ab16b3
https://conda.anaconda.org/conda-forge/noarch/sniffio-1.3.1-pyhd8ed1ab_2.conda#03fe290994c5e4ec17293cfb6bdce520
https://conda.anaconda.org/conda-forge/noarch/threadpoolctl-3.6.0-pyhecae5ae_0.conda#9d64911b31d57ca443e9f1e36b04385f
https://conda.anaconda.org/conda-forge/noarch/tqdm-4.70.0-pyh8f84b5b_0.conda#00953c3b729e03b0ae21f49fdf3441bb
https://conda.anaconda.org/conda-forge/noarch/typing_extensions-4.16.0-pyhcf101f3_0.conda#c70ad746c22219b9700931707482992c
https://conda.anaconda.org/conda-forge/linux-64/unicodedata2-17.0.1-py312h4c3975b_0.conda#0b6c506ec1f272b685240e70a29261b8
https://conda.anaconda.org/conda-forge/linux-64/xorg-libxcomposite-0.4.7-hb03c661_0.conda#f2ba4192d38b6cef2bb2c25029071d90
https://conda.anaconda.org/conda-forge/linux-64/xorg-libxcursor-1.2.3-hb9d3cd8_0.conda#2ccd714aa2242315acaf0a67faea780b
https://conda.anaconda.org/conda-forge/linux-64/xorg-libxdamage-1.1.6-hb9d3cd8_0.conda#b5fcc7172d22516e1f965490e65e33a4
https://conda.anaconda.org/conda-forge/linux-64/xorg-libxi-1.8.3-h7cc23a3_1.conda#a1412b2b1184dacda45f8476fef2cc25
https://conda.anaconda.org/conda-forge/linux-64/xorg-libxinerama-1.1.6-hecca717_0.conda#93f5d4b5c17c8540479ad65f206fea51
https://conda.anaconda.org/conda-forge/linux-64/xorg-libxrandr-1.5.5-h7cc23a3_1.conda#798a8c9d171859a022e1cb89e7d0eb10
https://conda.anaconda.org/conda-forge/linux-64/xorg-libxscrnsaver-1.2.4-hb9d3cd8_0.conda#303f7a0e9e0cd7d250bb6b952cecda90
https://conda.anaconda.org/conda-forge/linux-64/xorg-libxxf86vm-1.1.7-hb03c661_0.conda#665d152b9c6e78da404086088077c844
https://conda.anaconda.org/conda-forge/linux-64/cffi-2.1.1-py312h703531f_2.conda#3101547f7c22db267bd40988f67d7ab1
https://conda.anaconda.org/conda-forge/noarch/exceptiongroup-1.3.1-pyhd8ed1ab_0.conda#8e662bd460bda79b1ea39194e3c4c9ab
https://conda.anaconda.org/conda-forge/noarch/fonttools-4.63.0-pyh7db6752_0.conda#0509ee74d95e5b98eb6fe2a47760e399
https://conda.anaconda.org/conda-forge/noarch/h11-0.16.0-pyhcf101f3_1.conda#b8993c19b0c32a2f7b66cbb58ca27069
https://conda.anaconda.org/conda-forge/noarch/h2-4.4.1-pyhcf101f3_0.conda#e652ac7756069c456d0da2a922cd7df5
https://conda.anaconda.org/conda-forge/noarch/jinja2-3.1.6-pyhcf101f3_1.conda#04558c96691bed63104678757beb4f8d
https://conda.anaconda.org/conda-forge/noarch/joblib-1.6.0-pyhcf101f3_0.conda#4ebc70ef1af2e21cdc8edb1bfa1ec28d
https://conda.anaconda.org/conda-forge/noarch/lazy-loader-0.5-pyhd8ed1ab_0.conda#75932da6f03a6bef32b70a51e991f6eb
https://conda.anaconda.org/conda-forge/linux-64/libgl-devel-1.7.0-ha4b6fd6_5.conda#f5f7fc038c611a25b22758c0a40d25c9
https://conda.anaconda.org/conda-forge/linux-64/libharfbuzz-14.4.0-h23af247_0.conda#4463210c2a16ff5d3bf7f502af23f1f4
https://conda.anaconda.org/conda-forge/linux-64/liblapacke-3.11.0-10_h6ae95b6_openblas.conda#52caccfdceb79e427db4137ac4e13d68
https://conda.anaconda.org/conda-forge/linux-64/libmagma-2.10.0-ha7672b3_0.conda#21cfdc5459decaca16af5e00aa6addb1
https://conda.anaconda.org/conda-forge/linux-64/libpq-18.6-h9d76c99_0.conda#72e019c04ed02a179da38c56965802d1
https://conda.anaconda.org/conda-forge/linux-64/libva-2.24.1-hb83e432_1.conda#c3e6df2790fff34ba708722052f02c0e
https://conda.anaconda.org/conda-forge/linux-64/libvulkan-loader-1.4.357.0-h0e34353_2.conda#c5f5f159b66332152197893427071695
https://conda.anaconda.org/conda-forge/noarch/markdown-it-py-4.2.0-pyhd8ed1ab_0.conda#6d03368f2b2b0a5fb6839df53b2eb5e0
https://conda.anaconda.org/conda-forge/linux-64/numpy-2.5.2-py312he827f4e_1.conda#e70abe6ab4c60ecb6a51e67903bcec07
https://conda.anaconda.org/conda-forge/noarch/python-dateutil-2.9.0.post0-pyhe01879c_2.conda#5b8d21249ff20967101ffa321cab24e8
https://conda.anaconda.org/conda-forge/noarch/python-gil-3.12.14-hd8ed1ab_3.conda#7fafcd204183cfa7c1ae4ad9c2d8d414
https://conda.anaconda.org/conda-forge/linux-64/tbb-2023.0.0-hab88423_2.conda#7073b15f9364ebc118998601ac6ca6a6
https://conda.anaconda.org/conda-forge/noarch/typing-extensions-4.16.0-h69aa097_0.conda#c680b5747e8c4c8f23dca0bb7042a8fc
https://conda.anaconda.org/conda-forge/noarch/wheel-0.48.0-pyhd8ed1ab_0.conda#9a2124517bfd5d792e0f7b86eefdfeb8
https://conda.anaconda.org/conda-forge/linux-64/xorg-libxtst-1.2.5-h7cc23a3_4.conda#752a5ac9322e0fbbc24146c1ce3ae44e
https://conda.anaconda.org/conda-forge/noarch/_python_abi3_support-1.0-hd8ed1ab_3.conda#3845f3d75991bae0fb90884662f4327c
https://conda.anaconda.org/conda-forge/noarch/anyio-4.14.2-pyhcf101f3_0.conda#fb568fbae6908ba86a090a85a089d11f
https://conda.anaconda.org/conda-forge/linux-64/at-spi2-core-2.40.3-h0630a04_0.tar.bz2#8cb2fc4cd6cc63f1369cfa318f581cc3
https://conda.anaconda.org/conda-forge/linux-64/contourpy-1.3.3-py312h0a2e395_4.conda#43c2bc96af3ae5ed9e8a10ded942aa50
https://conda.anaconda.org/conda-forge/linux-64/intel-media-driver-26.1.6-hecca717_0.conda#aaf7c3db8c7c4533deb5449d3ba1c51f
https://conda.anaconda.org/conda-forge/noarch/lazy_loader-0.5-pyhd8ed1ab_0.conda#4c8327180586e7b1cd8b6815fc8827f1
https://conda.anaconda.org/conda-forge/linux-64/libegl-devel-1.7.0-ha4b6fd6_5.conda#577800fc8c9d8b7d9727246bbfde704e
https://conda.anaconda.org/conda-forge/linux-64/libharfbuzz-devel-14.4.0-h23af247_0.conda#26e37e05324d7bb723350d50b33057fc
https://conda.anaconda.org/conda-forge/linux-64/libmagma_sparse-2.10.0-ha954185_0.conda#2cbf43fa83563cf704dd16d5c763b9fb
https://conda.anaconda.org/conda-forge/linux-64/libopenvino-2026.3.0-hb2f3c86_0.conda#103554a12a2f6666aaaa360d30513911
https://conda.anaconda.org/conda-forge/linux-64/libplacebo-7.360.1-hc50b9dd_1.conda#4a750e2ae0d52d003bb1e3421581585e
https://conda.anaconda.org/conda-forge/linux-64/libraqm-0.11.0-h6406941_0.conda#3ac89a48d224409739dbf6200e524373
https://conda.anaconda.org/conda-forge/linux-64/numba-0.67.0-py312h80505a6_1.conda#c5a5f2e76e1dbb4372f73aed9779fd5d
https://conda.anaconda.org/conda-forge/linux-64/pango-1.58.2-hda50119_0.conda#6a2822aaf9a34ac3708904a47ff3dd7e
https://conda.anaconda.org/conda-forge/linux-64/pgvector-0.8.6-h1b92c21_0.conda#107a48d284d4b9c40102ae3dbdd290f9
https://conda.anaconda.org/conda-forge/noarch/pgvector-python-0.5.0-pyhcf101f3_0.conda#087ccfaa08b6da879528f7b70f69bb85
https://conda.anaconda.org/conda-forge/noarch/pip-26.2.1-pyh8b19718_0.conda#77b6cf3b0689d9fc68561df0db9b856d
https://conda.anaconda.org/conda-forge/linux-64/postgresql-18.6-h85d3e3a_0.conda#474e858c0b1b89a656d5b8d14fbc7e01
https://conda.anaconda.org/conda-forge/noarch/praatio-6.2.2-pyhd8ed1ab_0.conda#6a684bdeb2ff7f11b697d30a4352c278
https://conda.anaconda.org/conda-forge/linux-64/psycopg2-2.9.12-py312ha13dc4e_1.conda#6d7a93cd1882a19aafaef7d1b60e4b67
https://conda.anaconda.org/conda-forge/noarch/pysoundfile-0.14.0-pyhcf101f3_0.conda#7917a903d86ef25e4da7b26b971bdd9a
https://conda.anaconda.org/conda-forge/noarch/rich-15.0.0-pyhcf101f3_0.conda#0242025a3c804966bf71aa04eee82f66
https://conda.anaconda.org/conda-forge/linux-64/scipy-1.18.0-py312h54fa4ab_0.conda#f8d242c552b0f7f682451ce95879af5e
https://conda.anaconda.org/conda-forge/linux-64/sdl3-3.4.16-h5330f5c_0.conda#1d4b9d45cd87da449d9f7c5c3b9ad6a4
https://conda.anaconda.org/conda-forge/linux-64/soxr-python-1.1.0-py312h1289d80_0.conda#d9f00c24f3af2ce98828fd1a1c95b89c
https://conda.anaconda.org/conda-forge/linux-64/sqlalchemy-2.0.52-py312h5253ce2_0.conda#3d301c6754633aacf499ac6ee63bd2b8
https://conda.anaconda.org/conda-forge/noarch/urllib3-2.7.0-pyhd8ed1ab_0.conda#cbb88288f74dbe6ada1c6c7d0a97223e
https://conda.anaconda.org/conda-forge/linux-64/at-spi2-atk-2.38.0-h0630a04_3.tar.bz2#6b889f174df1e0f816276ae69281af4d
https://conda.anaconda.org/conda-forge/linux-64/epoxy-1.5.10-hb03c661_2.conda#057083b06ccf1c2778344b6dabace38b
https://conda.anaconda.org/conda-forge/linux-64/harfbuzz-14.4.0-ha770c72_0.conda#c2d4a4fe3216b26ef30e91d917c1b718
https://conda.anaconda.org/conda-forge/linux-64/hf-xet-1.5.2-py310hb823017_2.conda#b1d8d3cf1190f6dadb8da304a053e307
https://conda.anaconda.org/conda-forge/noarch/httpcore-1.0.9-pyh29332c3_0.conda#4f14640d58e2cc0aa0819d9d8ba125bb
https://conda.anaconda.org/conda-forge/linux-64/kaldi-5.5.1172-cuda129h1c2ad95_5.conda#b0570c6c35613b464b9e27c68c9e5015
https://conda.anaconda.org/conda-forge/noarch/kneed-0.8.6-pyhd8ed1ab_0.conda#172852fe4069b4da155e191bd1b1d7f9
https://conda.anaconda.org/conda-forge/linux-64/libopenvino-auto-batch-plugin-2026.3.0-h9f30d58_0.conda#9728955c5c968923cdaf79317837ded4
https://conda.anaconda.org/conda-forge/linux-64/libopenvino-auto-plugin-2026.3.0-h9f30d58_0.conda#5fcbc9ef55adbffc1b804ae9c5f0e8d2
https://conda.anaconda.org/conda-forge/linux-64/libopenvino-hetero-plugin-2026.3.0-hfeb6f35_0.conda#00addda23f9daf34d787e8b445d81256
https://conda.anaconda.org/conda-forge/linux-64/libopenvino-intel-cpu-plugin-2026.3.0-hb2f3c86_0.conda#7559b02ec79104bb3e60658310815b4e
https://conda.anaconda.org/conda-forge/linux-64/libopenvino-intel-gpu-plugin-2026.3.0-hb2f3c86_0.conda#e9fed808af5cab2c1cf79c4a1c5fc399
https://conda.anaconda.org/conda-forge/linux-64/libopenvino-intel-npu-plugin-2026.3.0-hb2f3c86_0.conda#2402c917805aa66fd8604fc0b7292ec7
https://conda.anaconda.org/conda-forge/linux-64/libopenvino-ir-frontend-2026.3.0-hfeb6f35_0.conda#2254de1e118bb39c876297b941c41d7b
https://conda.anaconda.org/conda-forge/linux-64/libopenvino-onnx-frontend-2026.3.0-h6c33c14_0.conda#5a81c93a4ef5fe765fdc72ea0bb8ee48
https://conda.anaconda.org/conda-forge/linux-64/libopenvino-paddle-frontend-2026.3.0-h6c33c14_0.conda#5ad8dacb488082db12c72422c3deba74
https://conda.anaconda.org/conda-forge/linux-64/libopenvino-pytorch-frontend-2026.3.0-h0542e35_0.conda#7e0fd6af38383ab7bd71dc6af22355f3
https://conda.anaconda.org/conda-forge/linux-64/libopenvino-tensorflow-frontend-2026.3.0-h565fa1b_0.conda#e76e8e113e406442c0ca41284f6c3f0d
https://conda.anaconda.org/conda-forge/linux-64/libopenvino-tensorflow-lite-frontend-2026.3.0-h0542e35_0.conda#e4318029124b4cacb8a2bfe884613676
https://conda.anaconda.org/conda-forge/linux-64/libvpl-2.16.0-h54a6638_0.conda#9f6b0090c3902b2c763a16f7dace7b6e
https://conda.anaconda.org/conda-forge/linux-64/matplotlib-base-3.11.1-py312h4c94fcb_2.conda#97eb87f2704fc5212a05b5fb6202ace0
https://conda.anaconda.org/conda-forge/noarch/requests-2.34.2-pyhcf101f3_0.conda#4a85203c1d80c1059086ae860836ffb9
https://conda.anaconda.org/conda-forge/noarch/rich-click-1.9.8-pyh8f84b5b_0.conda#3251fe7203751993d1ee7ecb492b4a42
https://conda.anaconda.org/conda-forge/linux-64/scikit-learn-1.9.0-np2py312h3226591_0.conda#e6e9b5795bb495325c3b4ebd451519aa
https://conda.anaconda.org/conda-forge/linux-64/sdl2-2.32.56-h54a6638_0.conda#cdd138897d94dc07d99afe7113a07bec
https://conda.anaconda.org/conda-forge/linux-64/gtk3-3.24.52-ha5ea40c_0.conda#bcaea22d85999a4f17918acfab877e61
https://conda.anaconda.org/conda-forge/linux-64/hdbscan-0.8.44-py312h4f23490_0.conda#aa659e690021c401bca714979894741a
https://conda.anaconda.org/conda-forge/noarch/httpx-0.28.1-pyhd8ed1ab_0.conda#d6989ead454181f4f9bc987d3dc4e285
https://conda.anaconda.org/conda-forge/linux-64/libass-0.17.5-h434b012_0.conda#c1cb4d6e8a6e3f724740dee5346fc8b4
https://conda.anaconda.org/conda-forge/linux-64/librsvg-2.62.3-h4c96295_0.conda#492c8d9b1c564c2e948b6cb4ba0f8261
https://conda.anaconda.org/conda-forge/noarch/pooch-1.9.0-pyhd8ed1ab_0.conda#dd4b6337bf8886855db6905b336db3c8
https://conda.anaconda.org/conda-forge/noarch/adwaita-icon-theme-49.0-unix_0.conda#b3f0179590f3c0637b7eb5309898f79e
https://conda.anaconda.org/conda-forge/linux-64/ffmpeg-9.0.0-gpl_h95e667c_900.conda#d2270310efc9b4616069cd393743d42e
https://conda.anaconda.org/conda-forge/noarch/huggingface_hub-1.29.0-pyhcf101f3_0.conda#0d1383e552c1e0becec387c5faa469dd
https://conda.anaconda.org/conda-forge/noarch/librosa-1.0.0-pyhd8ed1ab_0.conda#605a29deb41af501ccfb66100a82225e
https://conda.anaconda.org/conda-forge/linux-64/graphviz-14.1.2-h8b86629_0.conda#341fc61cfe8efa5c72d24db56c776f44
https://conda.anaconda.org/conda-forge/linux-64/pynini-2.1.7-py312hd9148b4_2.conda#043d58a527fa6bfc769d8b5bfe52a662
https://conda.anaconda.org/conda-forge/linux-64/kalpy-0.10.5-py312ha5105d2_0.conda#c99380cc4e4907401a9db2ec4afb9735
https://conda.anaconda.org/conda-forge/noarch/montreal-forced-aligner-3.4.2-pyhd8ed1ab_0.conda#17f1b4fd11dee247d056923285606b14
